
Microsoft Visual Studio Solution File, Format Version 12.00
# Visual Studio 15
VisualStudioVersion = 15.0.26430.6
MinimumVisualStudioVersion = 10.0.40219.1
Project("{2150E333-8FDC-42A3-9474-1A3956D46DE8}") = "Solution Items", "Solution Items", "{22C611CE-29B3-4F1E-A741-13B8B5CC0DCC}"
EndProject
Project("{9A19103F-16F7-4668-BE54-9A1E7A4F7556}") = "AttemptController", "AttemptController\AttemptController.csproj", "{38D61A75-5A4B-499C-9C94-C2A933C3FC45}"
EndProject
Project("{9A19103F-16F7-4668-BE54-9A1E7A4F7556}") = "Tester", "Tester\Tester.csproj", "{65082BE3-E9D9-4D31-8A36-675DAAED9DEC}"
EndProject
Project("{9A19103F-16F7-4668-BE54-9A1E7A4F7556}") = "UnitTests", "UnitTests\UnitTests.csproj", "{5CDB4783-5E71-42A3-87DE-49CF6E52C6B9}"
EndProject
Global
	GlobalSection(SolutionConfigurationPlatforms) = preSolution
		Debug|Any CPU = Debug|Any CPU
		Release|Any CPU = Release|Any CPU
	EndGlobalSection
	GlobalSection(ProjectConfigurationPlatforms) = postSolution
		{38D61A75-5A4B-499C-9C94-C2A933C3FC45}.Debug|Any CPU.ActiveCfg = Debug|Any CPU
		{38D61A75-5A4B-499C-9C94-C2A933C3FC45}.Debug|Any CPU.Build.0 = Debug|Any CPU
		{38D61A75-5A4B-499C-9C94-C2A933C3FC45}.Release|Any CPU.ActiveCfg = Release|Any CPU
		{38D61A75-5A4B-499C-9C94-C2A933C3FC45}.Release|Any CPU.Build.0 = Release|Any CPU
		{65082BE3-E9D9-4D31-8A36-675DAAED9DEC}.Debug|Any CPU.ActiveCfg = Debug|Any CPU
		{65082BE3-E9D9-4D31-8A36-675DAAED9DEC}.Debug|Any CPU.Build.0 = Debug|Any CPU
		{65082BE3-E9D9-4D31-8A36-675DAAED9DEC}.Release|Any CPU.ActiveCfg = Release|Any CPU
		{65082BE3-E9D9-4D31-8A36-675DAAED9DEC}.Release|Any CPU.Build.0 = Release|Any CPU
		{5CDB4783-5E71-42A3-87DE-49CF6E52C6B9}.Debug|Any CPU.ActiveCfg = Debug|Any CPU
		{5CDB4783-5E71-42A3-87DE-49CF6E52C6B9}.Debug|Any CPU.Build.0 = Debug|Any CPU
		{5CDB4783-5E71-42A3-87DE-49CF6E52C6B9}.Release|Any CPU.ActiveCfg = Release|Any CPU
		{5CDB4783-5E71-42A3-87DE-49CF6E52C6B9}.Release|Any CPU.Build.0 = Release|Any CPU
	EndGlobalSection
	GlobalSection(SolutionProperties) = preSolution
		HideSolutionNode = FALSE
	EndGlobalSection
EndGlobal
